// !$*UTF8*$!
{
	archiveVersion = 1;
	classes = {
	};
	objectVersion = 56;
	objects = {

/* Begin PBXBuildFile section */
		853D49EF2A40AB8200EA217B /* PlayerViewController.swift in Sources */ = {isa = PBXBuildFile; fileRef = 853D49EE2A40AB8200EA217B /* PlayerViewController.swift */; };
		85C08C362A3951ED006CC2EB /* AppDelegate.swift in Sources */ = {isa = PBXBuildFile; fileRef = 85C08C352A3951ED006CC2EB /* AppDelegate.swift */; };
		85C08C382A3951ED006CC2EB /* SceneDelegate.swift in Sources */ = {isa = PBXBuildFile; fileRef = 85C08C372A3951ED006CC2EB /* SceneDelegate.swift */; };
		85C08C3A2A3951ED006CC2EB /* ViewController.swift in Sources */ = {isa = PBXBuildFile; fileRef = 85C08C392A3951ED006CC2EB /* ViewController.swift */; };
		85C08C3D2A3951ED006CC2EB /* Main.storyboard in Resources */ = {isa = PBXBuildFile; fileRef = 85C08C3B2A3951ED006CC2EB /* Main.storyboard */; };
		85C08C402A3951ED006CC2EB /* musicapp.xcdatamodeld in Sources */ = {isa = PBXBuildFile; fileRef = 85C08C3E2A3951ED006CC2EB /* musicapp.xcdatamodeld */; };
		85C08C422A3951F0006CC2EB /* Assets.xcassets in Resources */ = {isa = PBXBuildFile; fileRef = 85C08C412A3951F0006CC2EB /* Assets.xcassets */; };
		85C08C452A3951F0006CC2EB /* LaunchScreen.storyboard in Resources */ = {isa = PBXBuildFile; fileRef = 85C08C432A3951F0006CC2EB /* LaunchScreen.storyboard */; };
		85C08C562A3AA274006CC2EB /* song3.mp3 in Resources */ = {isa = PBXBuildFile; fileRef = 85C08C532A3AA273006CC2EB /* song3.mp3 */; };
		85C08C572A3AA274006CC2EB /* song1.mp3 in Resources */ = {isa = PBXBuildFile; fileRef = 85C08C542A3AA274006CC2EB /* song1.mp3 */; };
		85C08C582A3AA274006CC2EB /* song2.mp3 in Resources */ = {isa = PBXBuildFile; fileRef = 85C08C552A3AA274006CC2EB /* song2.mp3 */; };
/* End PBXBuildFile section */

/* Begin PBXFileReference section */
		853D49EE2A40AB8200EA217B /* PlayerViewController.swift */ = {isa = PBXFileReference; lastKnownFileType = sourcecode.swift; path = PlayerViewController.swift; sourceTree = "<group>"; };
		85C08C322A3951ED006CC2EB /* musicapp.app */ = {isa = PBXFileReference; explicitFileType = wrapper.application; includeInIndex = 0; path = musicapp.app; sourceTree = BUILT_PRODUCTS_DIR; };
		85C08C352A3951ED006CC2EB /* AppDelegate.swift */ = {isa = PBXFileReference; lastKnownFileType = sourcecode.swift; path = AppDelegate.swift; sourceTree = "<group>"; };
		85C08C372A3951ED006CC2EB /* SceneDelegate.swift */ = {isa = PBXFileReference; lastKnownFileType = sourcecode.swift; path = SceneDelegate.swift; sourceTree = "<group>"; };
		85C08C392A3951ED006CC2EB /* ViewController.swift */ = {isa = PBXFileReference; lastKnownFileType = sourcecode.swift; path = ViewController.swift; sourceTree = "<group>"; };
		85C08C3C2A3951ED006CC2EB /* Base */ = {isa = PBXFileReference; lastKnownFileType = file.storyboard; name = Base; path = Base.lproj/Main.storyboard; sourceTree = "<group>"; };
		85C08C3F2A3951ED006CC2EB /* musicapp.xcdatamodel */ = {isa = PBXFileReference; lastKnownFileType = wrapper.xcdatamodel; path = musicapp.xcdatamodel; sourceTree = "<group>"; };
		85C08C412A3951F0006CC2EB /* Assets.xcassets */ = {isa = PBXFileReference; lastKnownFileType = folder.assetcatalog; path = Assets.xcassets; sourceTree = "<group>"; };
		85C08C442A3951F0006CC2EB /* Base */ = {isa = PBXFileReference; lastKnownFileType = file.storyboard; name = Base; path = Base.lproj/LaunchScreen.storyboard; sourceTree = "<group>"; };
		85C08C462A3951F0006CC2EB /* Info.plist */ = {isa = PBXFileReference; lastKnownFileType = text.plist.xml; path = Info.plist; sourceTree = "<group>"; };
		85C08C532A3AA273006CC2EB /* song3.mp3 */ = {isa = PBXFileReference; lastKnownFileType = audio.mp3; path = song3.mp3; sourceTree = "<group>"; };
		85C08C542A3AA274006CC2EB /* song1.mp3 */ = {isa = PBXFileReference; lastKnownFileType = audio.mp3; path = song1.mp3; sourceTree = "<group>"; };
		85C08C552A3AA274006CC2EB /* song2.mp3 */ = {isa = PBXFileReference; lastKnownFileType = audio.mp3; path = song2.mp3; sourceTree = "<group>"; };
/* End PBXFileReference section */

/* Begin PBXFrameworksBuildPhase section */
		85C08C2F2A3951ED006CC2EB /* Frameworks */ = {
			isa = PBXFrameworksBuildPhase;
			buildActionMask = 2147483647;
			files = (
			);
			runOnlyForDeploymentPostprocessing = 0;
		};
/* End PBXFrameworksBuildPhase section */

/* Begin PBXGroup section */
		85C08C292A3951ED006CC2EB = {
			isa = PBXGroup;
			children = (
				85C08C342A3951ED006CC2EB /* musicapp */,
				85C08C332A3951ED006CC2EB /* Products */,
			);
			sourceTree = "<group>";
		};
		85C08C332A3951ED006CC2EB /* Products */ = {
			isa = PBXGroup;
			children = (
				85C08C322A3951ED006CC2EB /* musicapp.app */,
			);
			name = Products;
			sourceTree = "<group>";
		};
		85C08C342A3951ED006CC2EB /* musicapp */ = {
			isa = PBXGroup;
			children = (
				85C08C542A3AA274006CC2EB /* song1.mp3 */,
				85C08C552A3AA274006CC2EB /* song2.mp3 */,
				85C08C532A3AA273006CC2EB /* song3.mp3 */,
				85C08C352A3951ED006CC2EB /* AppDelegate.swift */,
				85C08C372A3951ED006CC2EB /* SceneDelegate.swift */,
				85C08C392A3951ED006CC2EB /* ViewController.swift */,
				85C08C3B2A3951ED006CC2EB /* Main.storyboard */,
				85C08C412A3951F0006CC2EB /* Assets.xcassets */,
				85C08C432A3951F0006CC2EB /* LaunchScreen.storyboard */,
				85C08C462A3951F0006CC2EB /* Info.plist */,
				85C08C3E2A3951ED006CC2EB /* musicapp.xcdatamodeld */,
				853D49EE2A40AB8200EA217B /* PlayerViewController.swift */,
			);
			path = musicapp;
			sourceTree = "<group>";
		};
/* End PBXGroup section */

/* Begin PBXNativeTarget section */
		85C08C312A3951ED006CC2EB /* musicapp */ = {
			isa = PBXNativeTarget;
			buildConfigurationList = 85C08C492A3951F0006CC2EB /* Build configuration list for PBXNativeTarget "musicapp" */;
			buildPhases = (
				85C08C2E2A3951ED006CC2EB /* Sources */,
				85C08C2F2A3951ED006CC2EB /* Frameworks */,
				85C08C302A3951ED006CC2EB /* Resources */,
			);
			buildRules = (
			);
			dependencies = (
			);
			name = musicapp;
			productName = musicapp;
			productReference = 85C08C322A3951ED006CC2EB /* musicapp.app */;
			productType = "com.apple.product-type.application";
		};
/* End PBXNativeTarget section */

/* Begin PBXProject section */
		85C08C2A2A3951ED006CC2EB /* Project object */ = {
			isa = PBXProject;
			attributes = {
				BuildIndependentTargetsInParallel = 1;
				LastSwiftUpdateCheck = 1430;
				LastUpgradeCheck = 1430;
				TargetAttributes = {
					85C08C312A3951ED006CC2EB = {
						CreatedOnToolsVersion = 14.3;
					};
				};
			};
			buildConfigurationList = 85C08C2D2A3951ED006CC2EB /* Build configuration list for PBXProject "musicapp" */;
			compatibilityVersion = "Xcode 14.0";
			developmentRegion = en;
			hasScannedForEncodings = 0;
			knownRegions = (
				en,
				Base,
			);
			mainGroup = 85C08C292A3951ED006CC2EB;
			productRefGroup = 85C08C332A3951ED006CC2EB /* Products */;
			projectDirPath = "";
			projectRoot = "";
			targets = (
				85C08C312A3951ED006CC2EB /* musicapp */,
			);
		};
/* End PBXProject section */

/* Begin PBXResourcesBuildPhase section */
		85C08C302A3951ED006CC2EB /* Resources */ = {
			isa = PBXResourcesBuildPhase;
			buildActionMask = 2147483647;
			files = (
				85C08C452A3951F0006CC2EB /* LaunchScreen.storyboard in Resources */,
				85C08C572A3AA274006CC2EB /* song1.mp3 in Resources */,
				85C08C562A3AA274006CC2EB /* song3.mp3 in Resources */,
				85C08C422A3951F0006CC2EB /* Assets.xcassets in Resources */,
				85C08C582A3AA274006CC2EB /* song2.mp3 in Resources */,
				85C08C3D2A3951ED006CC2EB /* Main.storyboard in Resources */,
			);
			runOnlyForDeploymentPostprocessing = 0;
		};
/* End PBXResourcesBuildPhase section */

/* Begin PBXSourcesBuildPhase section */
		85C08C2E2A3951ED006CC2EB /* Sources */ = {
			isa = PBXSourcesBuildPhase;
			buildActionMask = 2147483647;
			files = (
				85C08C3A2A3951ED006CC2EB /* ViewController.swift in Sources */,
				85C08C362A3951ED006CC2EB /* AppDelegate.swift in Sources */,
				85C08C382A3951ED006CC2EB /* SceneDelegate.swift in Sources */,
				85C08C402A3951ED006CC2EB /* musicapp.xcdatamodeld in Sources */,
				853D49EF2A40AB8200EA217B /* PlayerViewController.swift in Sources */,
			);
			runOnlyForDeploymentPostprocessing = 0;
		};
/* End PBXSourcesBuildPhase section */

/* Begin PBXVariantGroup section */
		85C08C3B2A3951ED006CC2EB /* Main.storyboard */ = {
			isa = PBXVariantGroup;
			children = (
				85C08C3C2A3951ED006CC2EB /* Base */,
			);
			name = Main.storyboard;
			sourceTree = "<group>";
		};
		85C08C432A3951F0006CC2EB /* LaunchScreen.storyboard */ = {
			isa = PBXVariantGroup;
			children = (
				85C08C442A3951F0006CC2EB /* Base */,
			);
			name = LaunchScreen.storyboard;
			sourceTree = "<group>";
		};
/* End PBXVariantGroup section */

/* Begin XCBuildConfiguration section */
		85C08C472A3951F0006CC2EB /* Debug */ = {
			isa = XCBuildConfiguration;
			buildSettings = {
				ALWAYS_SEARCH_USER_PATHS = NO;
				CLANG_ANALYZER_NONNULL = YES;
				CLANG_ANALYZER_NUMBER_OBJECT_CONVERSION = YES_AGGRESSIVE;
				CLANG_CXX_LANGUAGE_STANDARD = "gnu++20";
				CLANG_ENABLE_MODULES = YES;
				CLANG_ENABLE_OBJC_ARC = YES;
				CLANG_ENABLE_OBJC_WEAK = YES;
				CLANG_WARN_BLOCK_CAPTURE_AUTORELEASING = YES;
				CLANG_WARN_BOOL_CONVERSION = YES;
				CLANG_WARN_COMMA = YES;
				CLANG_WARN_CONSTANT_CONVERSION = YES;
				CLANG_WARN_DEPRECATED_OBJC_IMPLEMENTATIONS = YES;
				CLANG_WARN_DIRECT_OBJC_ISA_USAGE = YES_ERROR;
				CLANG_WARN_DOCUMENTATION_COMMENTS = YES;
				CLANG_WARN_EMPTY_BODY = YES;
				CLANG_WARN_ENUM_CONVERSION = YES;
				CLANG_WARN_INFINITE_RECURSION = YES;
				CLANG_WARN_INT_CONVERSION = YES;
				CLANG_WARN_NON_LITERAL_NULL_CONVERSION = YES;
				CLANG_WARN_OBJC_IMPLICIT_RETAIN_SELF = YES;
				CLANG_WARN_OBJC_LITERAL_CONVERSION = YES;
				CLANG_WARN_OBJC_ROOT_CLASS = YES_ERROR;
				CLANG_WARN_QUOTED_INCLUDE_IN_FRAMEWORK_HEADER = YES;
				CLANG_WARN_RANGE_LOOP_ANALYSIS = YES;
				CLANG_WARN_STRICT_PROTOTYPES = YES;
				CLANG_WARN_SUSPICIOUS_MOVE = YES;
				CLANG_WARN_UNGUARDED_AVAILABILITY = YES_AGGRESSIVE;
				CLANG_WARN_UNREACHABLE_CODE = YES;
				CLANG_WARN__DUPLICATE_METHOD_MATCH = YES;
				COPY_PHASE_STRIP = NO;
				DEBUG_INFORMATION_FORMAT = dwarf;
				ENABLE_STRICT_OBJC_MSGSEND = YES;
				ENABLE_TESTABILITY = YES;
				GCC_C_LANGUAGE_STANDARD = gnu11;
				GCC_DYNAMIC_NO_PIC = NO;
				GCC_NO_COMMON_BLOCKS = YES;
				GCC_OPTIMIZATION_LEVEL = 0;
				GCC_PREPROCESSOR_DEFINITIONS = (
					"DEBUG=1",
					"$(inherited)",
				);
				GCC_WARN_64_TO_32_BIT_CONVERSION = YES;
				GCC_WARN_ABOUT_RETURN_TYPE = YES_ERROR;
				GCC_WARN_UNDECLARED_SELECTOR = YES;
				GCC_WARN_UNINITIALIZED_AUTOS = YES_AGGRESSIVE;
				GCC_WARN_UNUSED_FUNCTION = YES;
				GCC_WARN_UNUSED_VARIABLE = YES;
				IPHONEOS_DEPLOYMENT_TARGET = 16.4;
				MTL_ENABLE_DEBUG_INFO = INCLUDE_SOURCE;
				MTL_FAST_MATH = YES;
				ONLY_ACTIVE_ARCH = YES;
				SDKROOT = iphoneos;
				SWIFT_ACTIVE_COMPILATION_CONDITIONS = DEBUG;
				SWIFT_OPTIMIZATION_LEVEL = "-Onone";
			};
			name = Debug;
		};
		85C08C482A3951F0006CC2EB /* Release */ = {
			isa = XCBuildConfiguration;
			buildSettings = {
				ALWAYS_SEARCH_USER_PATHS = NO;
				CLANG_ANALYZER_NONNULL = YES;
				CLANG_ANALYZER_NUMBER_OBJECT_CONVERSION = YES_AGGRESSIVE;
				CLANG_CXX_LANGUAGE_STANDARD = "gnu++20";
				CLANG_ENABLE_MODULES = YES;
				CLANG_ENABLE_OBJC_ARC = YES;
				CLANG_ENABLE_OBJC_WEAK = YES;
				CLANG_WARN_BLOCK_CAPTURE_AUTORELEASING = YES;
				CLANG_WARN_BOOL_CONVERSION = YES;
				CLANG_WARN_COMMA = YES;
				CLANG_WARN_CONSTANT_CONVERSION = YES;
				CLANG_WARN_DEPRECATED_OBJC_IMPLEMENTATIONS = YES;
				CLANG_WARN_DIRECT_OBJC_ISA_USAGE = YES_ERROR;
				CLANG_WARN_DOCUMENTATION_COMMENTS = YES;
				CLANG_WARN_EMPTY_BODY = YES;
				CLANG_WARN_ENUM_CONVERSION = YES;
				CLANG_WARN_INFINITE_RECURSION = YES;
				CLANG_WARN_INT_CONVERSION = YES;
				CLANG_WARN_NON_LITERAL_NULL_CONVERSION = YES;
				CLANG_WARN_OBJC_IMPLICIT_RETAIN_SELF = YES;
				CLANG_WARN_OBJC_LITERAL_CONVERSION = YES;
				CLANG_WARN_OBJC_ROOT_CLASS = YES_ERROR;
				CLANG_WARN_QUOTED_INCLUDE_IN_FRAMEWORK_HEADER = YES;
				CLANG_WARN_RANGE_LOOP_ANALYSIS = YES;
				CLANG_WARN_STRICT_PROTOTYPES = YES;
				CLANG_WARN_SUSPICIOUS_MOVE = YES;
				CLANG_WARN_UNGUARDED_AVAILABILITY = YES_AGGRESSIVE;
				CLANG_WARN_UNREACHABLE_CODE = YES;
				CLANG_WARN__DUPLICATE_METHOD_MATCH = YES;
				COPY_PHASE_STRIP = NO;
				DEBUG_INFORMATION_FORMAT = "dwarf-with-dsym";
				ENABLE_NS_ASSERTIONS = NO;
				ENABLE_STRICT_OBJC_MSGSEND = YES;
				GCC_C_LANGUAGE_STANDARD = gnu11;
				GCC_NO_COMMON_BLOCKS = YES;
				GCC_WARN_64_TO_32_BIT_CONVERSION = YES;
				GCC_WARN_ABOUT_RETURN_TYPE = YES_ERROR;
				GCC_WARN_UNDECLARED_SELECTOR = YES;
				GCC_WARN_UNINITIALIZED_AUTOS = YES_AGGRESSIVE;
				GCC_WARN_UNUSED_FUNCTION = YES;
				GCC_WARN_UNUSED_VARIABLE = YES;
				IPHONEOS_DEPLOYMENT_TARGET = 16.4;
				MTL_ENABLE_DEBUG_INFO = NO;
				MTL_FAST_MATH = YES;
				SDKROOT = iphoneos;
				SWIFT_COMPILATION_MODE = wholemodule;
				SWIFT_OPTIMIZATION_LEVEL = "-O";
				VALIDATE_PRODUCT = YES;
			};
			name = Release;
		};
		85C08C4A2A3951F0006CC2EB /* Debug */ = {
			isa = XCBuildConfiguration;
			buildSettings = {
				ASSETCATALOG_COMPILER_APPICON_NAME = AppIcon;
				ASSETCATALOG_COMPILER_GLOBAL_ACCENT_COLOR_NAME = AccentColor;
				CODE_SIGN_STYLE = Automatic;
				CURRENT_PROJECT_VERSION = 1;
				DEVELOPMENT_TEAM = 8R59MC65KZ;
				GENERATE_INFOPLIST_FILE = YES;
				INFOPLIST_FILE = musicapp/Info.plist;
				INFOPLIST_KEY_UIApplicationSupportsIndirectInputEvents = YES;
				INFOPLIST_KEY_UILaunchStoryboardName = LaunchScreen;
				INFOPLIST_KEY_UIMainStoryboardFile = Main;
				INFOPLIST_KEY_UISupportedInterfaceOrientations_iPad = "UIInterfaceOrientationPortrait UIInterfaceOrientationPortraitUpsideDown UIInterfaceOrientationLandscapeLeft UIInterfaceOrientationLandscapeRight";
				INFOPLIST_KEY_UISupportedInterfaceOrientations_iPhone = "UIInterfaceOrientationPortrait UIInterfaceOrientationLandscapeLeft UIInterfaceOrientationLandscapeRight";
				LD_RUNPATH_SEARCH_PATHS = (
					"$(inherited)",
					"@executable_path/Frameworks",
				);
				MARKETING_VERSION = 1.0;
				PRODUCT_BUNDLE_IDENTIFIER = com.RussellGadsden.musicapp;
				PRODUCT_NAME = "$(TARGET_NAME)";
				SWIFT_EMIT_LOC_STRINGS = YES;
				SWIFT_VERSION = 5.0;
				TARGETED_DEVICE_FAMILY = "1,2";
			};
			name = Debug;
		};
		85C08C4B2A3951F0006CC2EB /* Release */ = {
			isa = XCBuildConfiguration;
			buildSettings = {
				ASSETCATALOG_COMPILER_APPICON_NAME = AppIcon;
				ASSETCATALOG_COMPILER_GLOBAL_ACCENT_COLOR_NAME = AccentColor;
				CODE_SIGN_STYLE = Automatic;
				CURRENT_PROJECT_VERSION = 1;
				DEVELOPMENT_TEAM = 8R59MC65KZ;
				GENERATE_INFOPLIST_FILE = YES;
				INFOPLIST_FILE = musicapp/Info.plist;
				INFOPLIST_KEY_UIApplicationSupportsIndirectInputEvents = YES;
				INFOPLIST_KEY_UILaunchStoryboardName = LaunchScreen;
				INFOPLIST_KEY_UIMainStoryboardFile = Main;
				INFOPLIST_KEY_UISupportedInterfaceOrientations_iPad = "UIInterfaceOrientationPortrait UIInterfaceOrientationPortraitUpsideDown UIInterfaceOrientationLandscapeLeft UIInterfaceOrientationLandscapeRight";
				INFOPLIST_KEY_UISupportedInterfaceOrientations_iPhone = "UIInterfaceOrientationPortrait UIInterfaceOrientationLandscapeLeft UIInterfaceOrientationLandscapeRight";
				LD_RUNPATH_SEARCH_PATHS = (
					"$(inherited)",
					"@executable_path/Frameworks",
				);
				MARKETING_VERSION = 1.0;
				PRODUCT_BUNDLE_IDENTIFIER = com.RussellGadsden.musicapp;
				PRODUCT_NAME = "$(TARGET_NAME)";
				SWIFT_EMIT_LOC_STRINGS = YES;
				SWIFT_VERSION = 5.0;
				TARGETED_DEVICE_FAMILY = "1,2";
			};
			name = Release;
		};
/* End XCBuildConfiguration section */

/* Begin XCConfigurationList section */
		85C08C2D2A3951ED006CC2EB /* Build configuration list for PBXProject "musicapp" */ = {
			isa = XCConfigurationList;
			buildConfigurations = (
				85C08C472A3951F0006CC2EB /* Debug */,
				85C08C482A3951F0006CC2EB /* Release */,
			);
			defaultConfigurationIsVisible = 0;
			defaultConfigurationName = Release;
		};
		85C08C492A3951F0006CC2EB /* Build configuration list for PBXNativeTarget "musicapp" */ = {
			isa = XCConfigurationList;
			buildConfigurations = (
				85C08C4A2A3951F0006CC2EB /* Debug */,
				85C08C4B2A3951F0006CC2EB /* Release */,
			);
			defaultConfigurationIsVisible = 0;
			defaultConfigurationName = Release;
		};
/* End XCConfigurationList section */

/* Begin XCVersionGroup section */
		85C08C3E2A3951ED006CC2EB /* musicapp.xcdatamodeld */ = {
			isa = XCVersionGroup;
			children = (
				85C08C3F2A3951ED006CC2EB /* musicapp.xcdatamodel */,
			);
			currentVersion = 85C08C3F2A3951ED006CC2EB /* musicapp.xcdatamodel */;
			path = musicapp.xcdatamodeld;
			sourceTree = "<group>";
			versionGroupType = wrapper.xcdatamodel;
		};
/* End XCVersionGroup section */
	};
	rootObject = 85C08C2A2A3951ED006CC2EB /* Project object */;
}
